// !$*UTF8*$!
{
	archiveVersion = 1;
	classes = {
	};
	objectVersion = 46;
	objects = {

/* Begin PBXBuildFile section */
		9CB6758C1D21A25400D6882E /* AppDelegate.swift in Sources */ = {isa = PBXBuildFile; fileRef = 9CB6758B1D21A25400D6882E /* AppDelegate.swift */; };
		9CB6758E1D21A25400D6882E /* ViewController.swift in Sources */ = {isa = PBXBuildFile; fileRef = 9CB6758D1D21A25400D6882E /* ViewController.swift */; };
		9CB675911D21A25400D6882E /* Main.storyboard in Resources */ = {isa = PBXBuildFile; fileRef = 9CB6758F1D21A25400D6882E /* Main.storyboard */; };
		9CB675931D21A25400D6882E /* Assets.xcassets in Resources */ = {isa = PBXBuildFile; fileRef = 9CB675921D21A25400D6882E /* Assets.xcassets */; };
		9CB675961D21A25400D6882E /* LaunchScreen.storyboard in Resources */ = {isa = PBXBuildFile; fileRef = 9CB675941D21A25400D6882E /* LaunchScreen.storyboard */; };
		9CB675A31D21A2FA00D6882E /* CustomTableViewCell.swift in Sources */ = {isa = PBXBuildFile; fileRef = 9CB6759E1D21A2FA00D6882E /* CustomTableViewCell.swift */; };
		9CB675A41D21A2FA00D6882E /* MBProgressHUD.m in Sources */ = {isa = PBXBuildFile; fileRef = 9CB675A01D21A2FA00D6882E /* MBProgressHUD.m */; };
		9CB675A51D21A2FA00D6882E /* XMLReader.m in Sources */ = {isa = PBXBuildFile; fileRef = 9CB675A21D21A2FA00D6882E /* XMLReader.m */; };
/* End PBXBuildFile section */

/* Begin PBXFileReference section */
		9CB675881D21A25400D6882E /* WeatherTask.app */ = {isa = PBXFileReference; explicitFileType = wrapper.application; includeInIndex = 0; path = WeatherTask.app; sourceTree = BUILT_PRODUCTS_DIR; };
		9CB6758B1D21A25400D6882E /* AppDelegate.swift */ = {isa = PBXFileReference; lastKnownFileType = sourcecode.swift; path = AppDelegate.swift; sourceTree = "<group>"; };
		9CB6758D1D21A25400D6882E /* ViewController.swift */ = {isa = PBXFileReference; lastKnownFileType = sourcecode.swift; path = ViewController.swift; sourceTree = "<group>"; };
		9CB675901D21A25400D6882E /* Base */ = {isa = PBXFileReference; lastKnownFileType = file.storyboard; name = Base; path = Base.lproj/Main.storyboard; sourceTree = "<group>"; };
		9CB675921D21A25400D6882E /* Assets.xcassets */ = {isa = PBXFileReference; lastKnownFileType = folder.assetcatalog; path = Assets.xcassets; sourceTree = "<group>"; };
		9CB675951D21A25400D6882E /* Base */ = {isa = PBXFileReference; lastKnownFileType = file.storyboard; name = Base; path = Base.lproj/LaunchScreen.storyboard; sourceTree = "<group>"; };
		9CB675971D21A25400D6882E /* Info.plist */ = {isa = PBXFileReference; lastKnownFileType = text.plist.xml; path = Info.plist; sourceTree = "<group>"; };
		9CB6759E1D21A2FA00D6882E /* CustomTableViewCell.swift */ = {isa = PBXFileReference; fileEncoding = 4; lastKnownFileType = sourcecode.swift; path = CustomTableViewCell.swift; sourceTree = "<group>"; };
		9CB6759F1D21A2FA00D6882E /* MBProgressHUD.h */ = {isa = PBXFileReference; fileEncoding = 4; lastKnownFileType = sourcecode.c.h; path = MBProgressHUD.h; sourceTree = "<group>"; };
		9CB675A01D21A2FA00D6882E /* MBProgressHUD.m */ = {isa = PBXFileReference; fileEncoding = 4; lastKnownFileType = sourcecode.c.objc; path = MBProgressHUD.m; sourceTree = "<group>"; };
		9CB675A11D21A2FA00D6882E /* XMLReader.h */ = {isa = PBXFileReference; fileEncoding = 4; lastKnownFileType = sourcecode.c.h; path = XMLReader.h; sourceTree = "<group>"; };
		9CB675A21D21A2FA00D6882E /* XMLReader.m */ = {isa = PBXFileReference; fileEncoding = 4; lastKnownFileType = sourcecode.c.objc; path = XMLReader.m; sourceTree = "<group>"; };
		9CB675A81D21B13E00D6882E /* WeatherTask-Bridging-Header.h */ = {isa = PBXFileReference; lastKnownFileType = sourcecode.c.h; path = "WeatherTask-Bridging-Header.h"; sourceTree = "<group>"; };
/* End PBXFileReference section */

/* Begin PBXFrameworksBuildPhase section */
		9CB675851D21A25400D6882E /* Frameworks */ = {
			isa = PBXFrameworksBuildPhase;
			buildActionMask = 2147483647;
			files = (
			);
			runOnlyForDeploymentPostprocessing = 0;
		};
/* End PBXFrameworksBuildPhase section */

/* Begin PBXGroup section */
		9CB6757F1D21A25400D6882E = {
			isa = PBXGroup;
			children = (
				9CB6758A1D21A25400D6882E /* WeatherTask */,
				9CB675891D21A25400D6882E /* Products */,
			);
			sourceTree = "<group>";
		};
		9CB675891D21A25400D6882E /* Products */ = {
			isa = PBXGroup;
			children = (
				9CB675881D21A25400D6882E /* WeatherTask.app */,
			);
			name = Products;
			sourceTree = "<group>";
		};
		9CB6758A1D21A25400D6882E /* WeatherTask */ = {
			isa = PBXGroup;
			children = (
				9CB675A91D21CCE100D6882E /* BridgeHeader */,
				9CB675A61D21A38B00D6882E /* MBProgressHUD */,
				9CB675A71D21A39800D6882E /* XMLReader */,
				9CB6758B1D21A25400D6882E /* AppDelegate.swift */,
				9CB6758D1D21A25400D6882E /* ViewController.swift */,
				9CB6759E1D21A2FA00D6882E /* CustomTableViewCell.swift */,
				9CB6758F1D21A25400D6882E /* Main.storyboard */,
				9CB675921D21A25400D6882E /* Assets.xcassets */,
				9CB675941D21A25400D6882E /* LaunchScreen.storyboard */,
				9CB675971D21A25400D6882E /* Info.plist */,
			);
			path = WeatherTask;
			sourceTree = "<group>";
		};
		9CB675A61D21A38B00D6882E /* MBProgressHUD */ = {
			isa = PBXGroup;
			children = (
				9CB6759F1D21A2FA00D6882E /* MBProgressHUD.h */,
				9CB675A01D21A2FA00D6882E /* MBProgressHUD.m */,
			);
			name = MBProgressHUD;
			sourceTree = "<group>";
		};
		9CB675A71D21A39800D6882E /* XMLReader */ = {
			isa = PBXGroup;
			children = (
				9CB675A11D21A2FA00D6882E /* XMLReader.h */,
				9CB675A21D21A2FA00D6882E /* XMLReader.m */,
			);
			name = XMLReader;
			sourceTree = "<group>";
		};
		9CB675A91D21CCE100D6882E /* BridgeHeader */ = {
			isa = PBXGroup;
			children = (
				9CB675A81D21B13E00D6882E /* WeatherTask-Bridging-Header.h */,
			);
			name = BridgeHeader;
			sourceTree = "<group>";
		};
/* End PBXGroup section */

/* Begin PBXNativeTarget section */
		9CB675871D21A25400D6882E /* WeatherTask */ = {
			isa = PBXNativeTarget;
			buildConfigurationList = 9CB6759A1D21A25400D6882E /* Build configuration list for PBXNativeTarget "WeatherTask" */;
			buildPhases = (
				9CB675841D21A25400D6882E /* Sources */,
				9CB675851D21A25400D6882E /* Frameworks */,
				9CB675861D21A25400D6882E /* Resources */,
			);
			buildRules = (
			);
			dependencies = (
			);
			name = WeatherTask;
			productName = WeatherTask;
			productReference = 9CB675881D21A25400D6882E /* WeatherTask.app */;
			productType = "com.apple.product-type.application";
		};
/* End PBXNativeTarget section */

/* Begin PBXProject section */
		9CB675801D21A25400D6882E /* Project object */ = {
			isa = PBXProject;
			attributes = {
				LastSwiftUpdateCheck = 0730;
				LastUpgradeCheck = 0730;
				ORGANIZATIONNAME = RJT;
				TargetAttributes = {
					9CB675871D21A25400D6882E = {
						CreatedOnToolsVersion = 7.3.1;
					};
				};
			};
			buildConfigurationList = 9CB675831D21A25400D6882E /* Build configuration list for PBXProject "WeatherTask" */;
			compatibilityVersion = "Xcode 3.2";
			developmentRegion = English;
			hasScannedForEncodings = 0;
			knownRegions = (
				en,
				Base,
			);
			mainGroup = 9CB6757F1D21A25400D6882E;
			productRefGroup = 9CB675891D21A25400D6882E /* Products */;
			projectDirPath = "";
			projectRoot = "";
			targets = (
				9CB675871D21A25400D6882E /* WeatherTask */,
			);
		};
/* End PBXProject section */

/* Begin PBXResourcesBuildPhase section */
		9CB675861D21A25400D6882E /* Resources */ = {
			isa = PBXResourcesBuildPhase;
			buildActionMask = 2147483647;
			files = (
				9CB675961D21A25400D6882E /* LaunchScreen.storyboard in Resources */,
				9CB675931D21A25400D6882E /* Assets.xcassets in Resources */,
				9CB675911D21A25400D6882E /* Main.storyboard in Resources */,
			);
			runOnlyForDeploymentPostprocessing = 0;
		};
/* End PBXResourcesBuildPhase section */

/* Begin PBXSourcesBuildPhase section */
		9CB675841D21A25400D6882E /* Sources */ = {
			isa = PBXSourcesBuildPhase;
			buildActionMask = 2147483647;
			files = (
				9CB675A31D21A2FA00D6882E /* CustomTableViewCell.swift in Sources */,
				9CB6758E1D21A25400D6882E /* ViewController.swift in Sources */,
				9CB675A51D21A2FA00D6882E /* XMLReader.m in Sources */,
				9CB6758C1D21A25400D6882E /* AppDelegate.swift in Sources */,
				9CB675A41D21A2FA00D6882E /* MBProgressHUD.m in Sources */,
			);
			runOnlyForDeploymentPostprocessing = 0;
		};
/* End PBXSourcesBuildPhase section */

/* Begin PBXVariantGroup section */
		9CB6758F1D21A25400D6882E /* Main.storyboard */ = {
			isa = PBXVariantGroup;
			children = (
				9CB675901D21A25400D6882E /* Base */,
			);
			name = Main.storyboard;
			sourceTree = "<group>";
		};
		9CB675941D21A25400D6882E /* LaunchScreen.storyboard */ = {
			isa = PBXVariantGroup;
			children = (
				9CB675951D21A25400D6882E /* Base */,
			);
			name = LaunchScreen.storyboard;
			sourceTree = "<group>";
		};
/* End PBXVariantGroup section */

/* Begin XCBuildConfiguration section */
		9CB675981D21A25400D6882E /* Debug */ = {
			isa = XCBuildConfiguration;
			buildSettings = {
				ALWAYS_SEARCH_USER_PATHS = NO;
				CLANG_ANALYZER_NONNULL = YES;
				CLANG_CXX_LANGUAGE_STANDARD = "gnu++0x";
				CLANG_CXX_LIBRARY = "libc++";
				CLANG_ENABLE_MODULES = YES;
				CLANG_ENABLE_OBJC_ARC = YES;
				CLANG_WARN_BOOL_CONVERSION = YES;
				CLANG_WARN_CONSTANT_CONVERSION = YES;
				CLANG_WARN_DIRECT_OBJC_ISA_USAGE = YES_ERROR;
				CLANG_WARN_EMPTY_BODY = YES;
				CLANG_WARN_ENUM_CONVERSION = YES;
				CLANG_WARN_INT_CONVERSION = YES;
				CLANG_WARN_OBJC_ROOT_CLASS = YES_ERROR;
				CLANG_WARN_UNREACHABLE_CODE = YES;
				CLANG_WARN__DUPLICATE_METHOD_MATCH = YES;
				"CODE_SIGN_IDENTITY[sdk=iphoneos*]" = "iPhone Developer";
				COPY_PHASE_STRIP = NO;
				DEBUG_INFORMATION_FORMAT = dwarf;
				ENABLE_STRICT_OBJC_MSGSEND = YES;
				ENABLE_TESTABILITY = YES;
				GCC_C_LANGUAGE_STANDARD = gnu99;
				GCC_DYNAMIC_NO_PIC = NO;
				GCC_NO_COMMON_BLOCKS = YES;
				GCC_OPTIMIZATION_LEVEL = 0;
				GCC_PREPROCESSOR_DEFINITIONS = (
					"DEBUG=1",
					"$(inherited)",
				);
				GCC_WARN_64_TO_32_BIT_CONVERSION = YES;
				GCC_WARN_ABOUT_RETURN_TYPE = YES_ERROR;
				GCC_WARN_UNDECLARED_SELECTOR = YES;
				GCC_WARN_UNINITIALIZED_AUTOS = YES_AGGRESSIVE;
				GCC_WARN_UNUSED_FUNCTION = YES;
				GCC_WARN_UNUSED_VARIABLE = YES;
				IPHONEOS_DEPLOYMENT_TARGET = 9.3;
				MTL_ENABLE_DEBUG_INFO = YES;
				ONLY_ACTIVE_ARCH = YES;
				SDKROOT = iphoneos;
				SWIFT_OPTIMIZATION_LEVEL = "-Onone";
			};
			name = Debug;
		};
		9CB675991D21A25400D6882E /* Release */ = {
			isa = XCBuildConfiguration;
			buildSettings = {
				ALWAYS_SEARCH_USER_PATHS = NO;
				CLANG_ANALYZER_NONNULL = YES;
				CLANG_CXX_LANGUAGE_STANDARD = "gnu++0x";
				CLANG_CXX_LIBRARY = "libc++";
				CLANG_ENABLE_MODULES = YES;
				CLANG_ENABLE_OBJC_ARC = YES;
				CLANG_WARN_BOOL_CONVERSION = YES;
				CLANG_WARN_CONSTANT_CONVERSION = YES;
				CLANG_WARN_DIRECT_OBJC_ISA_USAGE = YES_ERROR;
				CLANG_WARN_EMPTY_BODY = YES;
				CLANG_WARN_ENUM_CONVERSION = YES;
				CLANG_WARN_INT_CONVERSION = YES;
				CLANG_WARN_OBJC_ROOT_CLASS = YES_ERROR;
				CLANG_WARN_UNREACHABLE_CODE = YES;
				CLANG_WARN__DUPLICATE_METHOD_MATCH = YES;
				"CODE_SIGN_IDENTITY[sdk=iphoneos*]" = "iPhone Developer";
				COPY_PHASE_STRIP = NO;
				DEBUG_INFORMATION_FORMAT = "dwarf-with-dsym";
				ENABLE_NS_ASSERTIONS = NO;
				ENABLE_STRICT_OBJC_MSGSEND = YES;
				GCC_C_LANGUAGE_STANDARD = gnu99;
				GCC_NO_COMMON_BLOCKS = YES;
				GCC_WARN_64_TO_32_BIT_CONVERSION = YES;
				GCC_WARN_ABOUT_RETURN_TYPE = YES_ERROR;
				GCC_WARN_UNDECLARED_SELECTOR = YES;
				GCC_WARN_UNINITIALIZED_AUTOS = YES_AGGRESSIVE;
				GCC_WARN_UNUSED_FUNCTION = YES;
				GCC_WARN_UNUSED_VARIABLE = YES;
				IPHONEOS_DEPLOYMENT_TARGET = 9.3;
				MTL_ENABLE_DEBUG_INFO = NO;
				SDKROOT = iphoneos;
				VALIDATE_PRODUCT = YES;
			};
			name = Release;
		};
		9CB6759B1D21A25400D6882E /* Debug */ = {
			isa = XCBuildConfiguration;
			buildSettings = {
				ASSETCATALOG_COMPILER_APPICON_NAME = AppIcon;
				CLANG_ENABLE_MODULES = YES;
				INFOPLIST_FILE = WeatherTask/Info.plist;
				LD_RUNPATH_SEARCH_PATHS = "$(inherited) @executable_path/Frameworks";
				PRODUCT_BUNDLE_IDENTIFIER = RJT.WeatherTask;
				PRODUCT_NAME = "$(TARGET_NAME)";
				SWIFT_OBJC_BRIDGING_HEADER = "WeatherTask/WeatherTask-Bridging-Header.h";
				SWIFT_OPTIMIZATION_LEVEL = "-Onone";
			};
			name = Debug;
		};
		9CB6759C1D21A25400D6882E /* Release */ = {
			isa = XCBuildConfiguration;
			buildSettings = {
				ASSETCATALOG_COMPILER_APPICON_NAME = AppIcon;
				CLANG_ENABLE_MODULES = YES;
				INFOPLIST_FILE = WeatherTask/Info.plist;
				LD_RUNPATH_SEARCH_PATHS = "$(inherited) @executable_path/Frameworks";
				PRODUCT_BUNDLE_IDENTIFIER = RJT.WeatherTask;
				PRODUCT_NAME = "$(TARGET_NAME)";
				SWIFT_OBJC_BRIDGING_HEADER = "WeatherTask/WeatherTask-Bridging-Header.h";
			};
			name = Release;
		};
/* End XCBuildConfiguration section */

/* Begin XCConfigurationList section */
		9CB675831D21A25400D6882E /* Build configuration list for PBXProject "WeatherTask" */ = {
			isa = XCConfigurationList;
			buildConfigurations = (
				9CB675981D21A25400D6882E /* Debug */,
				9CB675991D21A25400D6882E /* Release */,
			);
			defaultConfigurationIsVisible = 0;
			defaultConfigurationName = Release;
		};
		9CB6759A1D21A25400D6882E /* Build configuration list for PBXNativeTarget "WeatherTask" */ = {
			isa = XCConfigurationList;
			buildConfigurations = (
				9CB6759B1D21A25400D6882E /* Debug */,
				9CB6759C1D21A25400D6882E /* Release */,
			);
			defaultConfigurationIsVisible = 0;
			defaultConfigurationName = Release;
		};
/* End XCConfigurationList section */
	};
	rootObject = 9CB675801D21A25400D6882E /* Project object */;
}
